// !$*UTF8*$!
{
	archiveVersion = 1;
	classes = {
	};
	objectVersion = 46;
	objects = {

/* Begin PBXBuildFile section */
		46BA81DC1D95B8EC001C4789 /* main.m in Sources */ = {isa = PBXBuildFile; fileRef = 46BA81DB1D95B8EC001C4789 /* main.m */; };
		46BA81DF1D95B8EC001C4789 /* AppDelegate.m in Sources */ = {isa = PBXBuildFile; fileRef = 46BA81DE1D95B8EC001C4789 /* AppDelegate.m */; };
		46BA81E21D95B8EC001C4789 /* ViewController.m in Sources */ = {isa = PBXBuildFile; fileRef = 46BA81E11D95B8EC001C4789 /* ViewController.m */; };
		46BA81E51D95B8EC001C4789 /* Main.storyboard in Resources */ = {isa = PBXBuildFile; fileRef = 46BA81E31D95B8EC001C4789 /* Main.storyboard */; };
		46BA81E71D95B8EC001C4789 /* Assets.xcassets in Resources */ = {isa = PBXBuildFile; fileRef = 46BA81E61D95B8EC001C4789 /* Assets.xcassets */; };
		46BA81EA1D95B8EC001C4789 /* LaunchScreen.storyboard in Resources */ = {isa = PBXBuildFile; fileRef = 46BA81E81D95B8EC001C4789 /* LaunchScreen.storyboard */; };
/* End PBXBuildFile section */

/* Begin PBXFileReference section */
		46BA81D71D95B8EC001C4789 /* Dranimate.app */ = {isa = PBXFileReference; explicitFileType = wrapper.application; includeInIndex = 0; path = Dranimate.app; sourceTree = BUILT_PRODUCTS_DIR; };
		46BA81DB1D95B8EC001C4789 /* main.m */ = {isa = PBXFileReference; lastKnownFileType = sourcecode.c.objc; path = main.m; sourceTree = "<group>"; };
		46BA81DD1D95B8EC001C4789 /* AppDelegate.h */ = {isa = PBXFileReference; lastKnownFileType = sourcecode.c.h; path = AppDelegate.h; sourceTree = "<group>"; };
		46BA81DE1D95B8EC001C4789 /* AppDelegate.m */ = {isa = PBXFileReference; lastKnownFileType = sourcecode.c.objc; path = AppDelegate.m; sourceTree = "<group>"; };
		46BA81E01D95B8EC001C4789 /* ViewController.h */ = {isa = PBXFileReference; lastKnownFileType = sourcecode.c.h; path = ViewController.h; sourceTree = "<group>"; };
		46BA81E11D95B8EC001C4789 /* ViewController.m */ = {isa = PBXFileReference; lastKnownFileType = sourcecode.c.objc; path = ViewController.m; sourceTree = "<group>"; };
		46BA81E41D95B8EC001C4789 /* Base */ = {isa = PBXFileReference; lastKnownFileType = file.storyboard; name = Base; path = Base.lproj/Main.storyboard; sourceTree = "<group>"; };
		46BA81E61D95B8EC001C4789 /* Assets.xcassets */ = {isa = PBXFileReference; lastKnownFileType = folder.assetcatalog; path = Assets.xcassets; sourceTree = "<group>"; };
		46BA81E91D95B8EC001C4789 /* Base */ = {isa = PBXFileReference; lastKnownFileType = file.storyboard; name = Base; path = Base.lproj/LaunchScreen.storyboard; sourceTree = "<group>"; };
		46BA81EB1D95B8EC001C4789 /* Info.plist */ = {isa = PBXFileReference; lastKnownFileType = text.plist.xml; path = Info.plist; sourceTree = "<group>"; };
/* End PBXFileReference section */

/* Begin PBXFrameworksBuildPhase section */
		46BA81D41D95B8EC001C4789 /* Frameworks */ = {
			isa = PBXFrameworksBuildPhase;
			buildActionMask = 2147483647;
			files = (
			);
			runOnlyForDeploymentPostprocessing = 0;
		};
/* End PBXFrameworksBuildPhase section */

/* Begin PBXGroup section */
		46BA81CE1D95B8EC001C4789 = {
			isa = PBXGroup;
			children = (
				46BA81D91D95B8EC001C4789 /* Dranimate */,
				46BA81D81D95B8EC001C4789 /* Products */,
			);
			sourceTree = "<group>";
		};
		46BA81D81D95B8EC001C4789 /* Products */ = {
			isa = PBXGroup;
			children = (
				46BA81D71D95B8EC001C4789 /* Dranimate.app */,
			);
			name = Products;
			sourceTree = "<group>";
		};
		46BA81D91D95B8EC001C4789 /* Dranimate */ = {
			isa = PBXGroup;
			children = (
				46BA81DD1D95B8EC001C4789 /* AppDelegate.h */,
				46BA81DE1D95B8EC001C4789 /* AppDelegate.m */,
				46BA81E01D95B8EC001C4789 /* ViewController.h */,
				46BA81E11D95B8EC001C4789 /* ViewController.m */,
				46BA81E31D95B8EC001C4789 /* Main.storyboard */,
				46BA81E61D95B8EC001C4789 /* Assets.xcassets */,
				46BA81E81D95B8EC001C4789 /* LaunchScreen.storyboard */,
				46BA81EB1D95B8EC001C4789 /* Info.plist */,
				46BA81DA1D95B8EC001C4789 /* Supporting Files */,
			);
			path = Dranimate;
			sourceTree = "<group>";
		};
		46BA81DA1D95B8EC001C4789 /* Supporting Files */ = {
			isa = PBXGroup;
			children = (
				46BA81DB1D95B8EC001C4789 /* main.m */,
			);
			name = "Supporting Files";
			sourceTree = "<group>";
		};
/* End PBXGroup section */

/* Begin PBXNativeTarget section */
		46BA81D61D95B8EC001C4789 /* Dranimate */ = {
			isa = PBXNativeTarget;
			buildConfigurationList = 46BA81EE1D95B8EC001C4789 /* Build configuration list for PBXNativeTarget "Dranimate" */;
			buildPhases = (
				46BA81D31D95B8EC001C4789 /* Sources */,
				46BA81D41D95B8EC001C4789 /* Frameworks */,
				46BA81D51D95B8EC001C4789 /* Resources */,
			);
			buildRules = (
			);
			dependencies = (
			);
			name = Dranimate;
			productName = Dranimate;
			productReference = 46BA81D71D95B8EC001C4789 /* Dranimate.app */;
			productType = "com.apple.product-type.application";
		};
/* End PBXNativeTarget section */

/* Begin PBXProject section */
		46BA81CF1D95B8EC001C4789 /* Project object */ = {
			isa = PBXProject;
			attributes = {
				LastUpgradeCheck = 0730;
				ORGANIZATIONNAME = "Robert Kotcher";
				TargetAttributes = {
					46BA81D61D95B8EC001C4789 = {
						CreatedOnToolsVersion = 7.3.1;
					};
				};
			};
			buildConfigurationList = 46BA81D21D95B8EC001C4789 /* Build configuration list for PBXProject "Dranimate" */;
			compatibilityVersion = "Xcode 3.2";
			developmentRegion = English;
			hasScannedForEncodings = 0;
			knownRegions = (
				en,
				Base,
			);
			mainGroup = 46BA81CE1D95B8EC001C4789;
			productRefGroup = 46BA81D81D95B8EC001C4789 /* Products */;
			projectDirPath = "";
			projectRoot = "";
			targets = (
				46BA81D61D95B8EC001C4789 /* Dranimate */,
			);
		};
/* End PBXProject section */

/* Begin PBXResourcesBuildPhase section */
		46BA81D51D95B8EC001C4789 /* Resources */ = {
			isa = PBXResourcesBuildPhase;
			buildActionMask = 2147483647;
			files = (
				46BA81EA1D95B8EC001C4789 /* LaunchScreen.storyboard in Resources */,
				46BA81E71D95B8EC001C4789 /* Assets.xcassets in Resources */,
				46BA81E51D95B8EC001C4789 /* Main.storyboard in Resources */,
			);
			runOnlyForDeploymentPostprocessing = 0;
		};
/* End PBXResourcesBuildPhase section */

/* Begin PBXSourcesBuildPhase section */
		46BA81D31D95B8EC001C4789 /* Sources */ = {
			isa = PBXSourcesBuildPhase;
			buildActionMask = 2147483647;
			files = (
				46BA81E21D95B8EC001C4789 /* ViewController.m in Sources */,
				46BA81DF1D95B8EC001C4789 /* AppDelegate.m in Sources */,
				46BA81DC1D95B8EC001C4789 /* main.m in Sources */,
			);
			runOnlyForDeploymentPostprocessing = 0;
		};
/* End PBXSourcesBuildPhase section */

/* Begin PBXVariantGroup section */
		46BA81E31D95B8EC001C4789 /* Main.storyboard */ = {
			isa = PBXVariantGroup;
			children = (
				46BA81E41D95B8EC001C4789 /* Base */,
			);
			name = Main.storyboard;
			sourceTree = "<group>";
		};
		46BA81E81D95B8EC001C4789 /* LaunchScreen.storyboard */ = {
			isa = PBXVariantGroup;
			children = (
				46BA81E91D95B8EC001C4789 /* Base */,
			);
			name = LaunchScreen.storyboard;
			sourceTree = "<group>";
		};
/* End PBXVariantGroup section */

/* Begin XCBuildConfiguration section */
		46BA81EC1D95B8EC001C4789 /* Debug */ = {
			isa = XCBuildConfiguration;
			buildSettings = {
				ALWAYS_SEARCH_USER_PATHS = NO;
				CLANG_ANALYZER_NONNULL = YES;
				CLANG_CXX_LANGUAGE_STANDARD = "gnu++0x";
				CLANG_CXX_LIBRARY = "libc++";
				CLANG_ENABLE_MODULES = YES;
				CLANG_ENABLE_OBJC_ARC = YES;
				CLANG_WARN_BOOL_CONVERSION = YES;
				CLANG_WARN_CONSTANT_CONVERSION = YES;
				CLANG_WARN_DIRECT_OBJC_ISA_USAGE = YES_ERROR;
				CLANG_WARN_EMPTY_BODY = YES;
				CLANG_WARN_ENUM_CONVERSION = YES;
				CLANG_WARN_INT_CONVERSION = YES;
				CLANG_WARN_OBJC_ROOT_CLASS = YES_ERROR;
				CLANG_WARN_UNREACHABLE_CODE = YES;
				CLANG_WARN__DUPLICATE_METHOD_MATCH = YES;
				"CODE_SIGN_IDENTITY[sdk=iphoneos*]" = "iPhone Developer";
				COPY_PHASE_STRIP = NO;
				DEBUG_INFORMATION_FORMAT = dwarf;
				ENABLE_STRICT_OBJC_MSGSEND = YES;
				ENABLE_TESTABILITY = YES;
				GCC_C_LANGUAGE_STANDARD = gnu99;
				GCC_DYNAMIC_NO_PIC = NO;
				GCC_NO_COMMON_BLOCKS = YES;
				GCC_OPTIMIZATION_LEVEL = 0;
				GCC_PREPROCESSOR_DEFINITIONS = (
					"DEBUG=1",
					"$(inherited)",
				);
				GCC_WARN_64_TO_32_BIT_CONVERSION = YES;
				GCC_WARN_ABOUT_RETURN_TYPE = YES_ERROR;
				GCC_WARN_UNDECLARED_SELECTOR = YES;
				GCC_WARN_UNINITIALIZED_AUTOS = YES_AGGRESSIVE;
				GCC_WARN_UNUSED_FUNCTION = YES;
				GCC_WARN_UNUSED_VARIABLE = YES;
				IPHONEOS_DEPLOYMENT_TARGET = 9.3;
				MTL_ENABLE_DEBUG_INFO = YES;
				ONLY_ACTIVE_ARCH = YES;
				SDKROOT = iphoneos;
				TARGETED_DEVICE_FAMILY = "1,2";
			};
			name = Debug;
		};
		46BA81ED1D95B8EC001C4789 /* Release */ = {
			isa = XCBuildConfiguration;
			buildSettings = {
				ALWAYS_SEARCH_USER_PATHS = NO;
				CLANG_ANALYZER_NONNULL = YES;
				CLANG_CXX_LANGUAGE_STANDARD = "gnu++0x";
				CLANG_CXX_LIBRARY = "libc++";
				CLANG_ENABLE_MODULES = YES;
				CLANG_ENABLE_OBJC_ARC = YES;
				CLANG_WARN_BOOL_CONVERSION = YES;
				CLANG_WARN_CONSTANT_CONVERSION = YES;
				CLANG_WARN_DIRECT_OBJC_ISA_USAGE = YES_ERROR;
				CLANG_WARN_EMPTY_BODY = YES;
				CLANG_WARN_ENUM_CONVERSION = YES;
				CLANG_WARN_INT_CONVERSION = YES;
				CLANG_WARN_OBJC_ROOT_CLASS = YES_ERROR;
				CLANG_WARN_UNREACHABLE_CODE = YES;
				CLANG_WARN__DUPLICATE_METHOD_MATCH = YES;
				"CODE_SIGN_IDENTITY[sdk=iphoneos*]" = "iPhone Developer";
				COPY_PHASE_STRIP = NO;
				DEBUG_INFORMATION_FORMAT = "dwarf-with-dsym";
				ENABLE_NS_ASSERTIONS = NO;
				ENABLE_STRICT_OBJC_MSGSEND = YES;
				GCC_C_LANGUAGE_STANDARD = gnu99;
				GCC_NO_COMMON_BLOCKS = YES;
				GCC_WARN_64_TO_32_BIT_CONVERSION = YES;
				GCC_WARN_ABOUT_RETURN_TYPE = YES_ERROR;
				GCC_WARN_UNDECLARED_SELECTOR = YES;
				GCC_WARN_UNINITIALIZED_AUTOS = YES_AGGRESSIVE;
				GCC_WARN_UNUSED_FUNCTION = YES;
				GCC_WARN_UNUSED_VARIABLE = YES;
				IPHONEOS_DEPLOYMENT_TARGET = 9.3;
				MTL_ENABLE_DEBUG_INFO = NO;
				SDKROOT = iphoneos;
				TARGETED_DEVICE_FAMILY = "1,2";
				VALIDATE_PRODUCT = YES;
			};
			name = Release;
		};
		46BA81EF1D95B8EC001C4789 /* Debug */ = {
			isa = XCBuildConfiguration;
			buildSettings = {
				ASSETCATALOG_COMPILER_APPICON_NAME = AppIcon;
				INFOPLIST_FILE = Dranimate/Info.plist;
				LD_RUNPATH_SEARCH_PATHS = "$(inherited) @executable_path/Frameworks";
				PRODUCT_BUNDLE_IDENTIFIER = robert.kotcher.Dranimate;
				PRODUCT_NAME = "$(TARGET_NAME)";
			};
			name = Debug;
		};
		46BA81F01D95B8EC001C4789 /* Release */ = {
			isa = XCBuildConfiguration;
			buildSettings = {
				ASSETCATALOG_COMPILER_APPICON_NAME = AppIcon;
				INFOPLIST_FILE = Dranimate/Info.plist;
				LD_RUNPATH_SEARCH_PATHS = "$(inherited) @executable_path/Frameworks";
				PRODUCT_BUNDLE_IDENTIFIER = robert.kotcher.Dranimate;
				PRODUCT_NAME = "$(TARGET_NAME)";
			};
			name = Release;
		};
/* End XCBuildConfiguration section */

/* Begin XCConfigurationList section */
		46BA81D21D95B8EC001C4789 /* Build configuration list for PBXProject "Dranimate" */ = {
			isa = XCConfigurationList;
			buildConfigurations = (
				46BA81EC1D95B8EC001C4789 /* Debug */,
				46BA81ED1D95B8EC001C4789 /* Release */,
			);
			defaultConfigurationIsVisible = 0;
			defaultConfigurationName = Release;
		};
		46BA81EE1D95B8EC001C4789 /* Build configuration list for PBXNativeTarget "Dranimate" */ = {
			isa = XCConfigurationList;
			buildConfigurations = (
				46BA81EF1D95B8EC001C4789 /* Debug */,
				46BA81F01D95B8EC001C4789 /* Release */,
			);
			defaultConfigurationIsVisible = 0;
		};
/* End XCConfigurationList section */
	};
	rootObject = 46BA81CF1D95B8EC001C4789 /* Project object */;
}
